
Microsoft Visual Studio Solution File, Format Version 12.00
# Visual Studio Version 17
VisualStudioVersion = 17.6.33723.286
MinimumVisualStudioVersion = 10.0.40219.1
Project("{FAE04EC0-301F-11D3-BF4B-00C04F79EFBC}") = "SerializingPrgm", "SerializingPrgm.csproj", "{12234128-49B4-4FCB-8C5C-2B2DDC071190}"
EndProject
Global
	GlobalSection(SolutionConfigurationPlatforms) = preSolution
		Debug|Any CPU = Debug|Any CPU
		Release|Any CPU = Release|Any CPU
	EndGlobalSection
	GlobalSection(ProjectConfigurationPlatforms) = postSolution
		{12234128-49B4-4FCB-8C5C-2B2DDC071190}.Debug|Any CPU.ActiveCfg = Debug|Any CPU
		{12234128-49B4-4FCB-8C5C-2B2DDC071190}.Debug|Any CPU.Build.0 = Debug|Any CPU
		{12234128-49B4-4FCB-8C5C-2B2DDC071190}.Release|Any CPU.ActiveCfg = Release|Any CPU
		{12234128-49B4-4FCB-8C5C-2B2DDC071190}.Release|Any CPU.Build.0 = Release|Any CPU
	EndGlobalSection
	GlobalSection(SolutionProperties) = preSolution
		HideSolutionNode = FALSE
	EndGlobalSection
	GlobalSection(ExtensibilityGlobals) = postSolution
		SolutionGuid = {67872168-723C-4575-938B-9B16F9060D84}
	EndGlobalSection
EndGlobal
